
Microsoft Visual Studio Solution File, Format Version 12.00
# Visual Studio Version 17
VisualStudioVersion = 17.5.33414.496
MinimumVisualStudioVersion = 10.0.40219.1
Project("{FAE04EC0-301F-11D3-BF4B-00C04F79EFBC}") = "Exercicio44", "Exercicio44\Exercicio44.csproj", "{9382B668-905C-4B69-9DC2-DCD222673745}"
EndProject
Global
	GlobalSection(SolutionConfigurationPlatforms) = preSolution
		Debug|Any CPU = Debug|Any CPU
		Release|Any CPU = Release|Any CPU
	EndGlobalSection
	GlobalSection(ProjectConfigurationPlatforms) = postSolution
		{9382B668-905C-4B69-9DC2-DCD222673745}.Debug|Any CPU.ActiveCfg = Debug|Any CPU
		{9382B668-905C-4B69-9DC2-DCD222673745}.Debug|Any CPU.Build.0 = Debug|Any CPU
		{9382B668-905C-4B69-9DC2-DCD222673745}.Release|Any CPU.ActiveCfg = Release|Any CPU
		{9382B668-905C-4B69-9DC2-DCD222673745}.Release|Any CPU.Build.0 = Release|Any CPU
	EndGlobalSection
	GlobalSection(SolutionProperties) = preSolution
		HideSolutionNode = FALSE
	EndGlobalSection
	GlobalSection(ExtensibilityGlobals) = postSolution
		SolutionGuid = {47442C5E-D331-4038-A477-810FE462387B}
	EndGlobalSection
EndGlobal
