
Microsoft Visual Studio Solution File, Format Version 12.00
# Visual Studio Version 17
VisualStudioVersion = 17.5.33414.496
MinimumVisualStudioVersion = 10.0.40219.1
Project("{FAE04EC0-301F-11D3-BF4B-00C04F79EFBC}") = "Exercicio21", "Exercicio21\Exercicio21.csproj", "{786BE8C0-D773-444B-A08F-6DFE13B1EF42}"
EndProject
Global
	GlobalSection(SolutionConfigurationPlatforms) = preSolution
		Debug|Any CPU = Debug|Any CPU
		Release|Any CPU = Release|Any CPU
	EndGlobalSection
	GlobalSection(ProjectConfigurationPlatforms) = postSolution
		{786BE8C0-D773-444B-A08F-6DFE13B1EF42}.Debug|Any CPU.ActiveCfg = Debug|Any CPU
		{786BE8C0-D773-444B-A08F-6DFE13B1EF42}.Debug|Any CPU.Build.0 = Debug|Any CPU
		{786BE8C0-D773-444B-A08F-6DFE13B1EF42}.Release|Any CPU.ActiveCfg = Release|Any CPU
		{786BE8C0-D773-444B-A08F-6DFE13B1EF42}.Release|Any CPU.Build.0 = Release|Any CPU
	EndGlobalSection
	GlobalSection(SolutionProperties) = preSolution
		HideSolutionNode = FALSE
	EndGlobalSection
	GlobalSection(ExtensibilityGlobals) = postSolution
		SolutionGuid = {209CFBEF-BF11-40E7-BB07-4BB8B8F7B9FE}
	EndGlobalSection
EndGlobal
