
Microsoft Visual Studio Solution File, Format Version 12.00
# Visual Studio Version 17
VisualStudioVersion = 17.5.33414.496
MinimumVisualStudioVersion = 10.0.40219.1
Project("{FAE04EC0-301F-11D3-BF4B-00C04F79EFBC}") = "Exercicio59", "Exercicio59\Exercicio59.csproj", "{C8112B48-4446-44C2-B3F2-8BCE4B3DCEC6}"
EndProject
Global
	GlobalSection(SolutionConfigurationPlatforms) = preSolution
		Debug|Any CPU = Debug|Any CPU
		Release|Any CPU = Release|Any CPU
	EndGlobalSection
	GlobalSection(ProjectConfigurationPlatforms) = postSolution
		{C8112B48-4446-44C2-B3F2-8BCE4B3DCEC6}.Debug|Any CPU.ActiveCfg = Debug|Any CPU
		{C8112B48-4446-44C2-B3F2-8BCE4B3DCEC6}.Debug|Any CPU.Build.0 = Debug|Any CPU
		{C8112B48-4446-44C2-B3F2-8BCE4B3DCEC6}.Release|Any CPU.ActiveCfg = Release|Any CPU
		{C8112B48-4446-44C2-B3F2-8BCE4B3DCEC6}.Release|Any CPU.Build.0 = Release|Any CPU
	EndGlobalSection
	GlobalSection(SolutionProperties) = preSolution
		HideSolutionNode = FALSE
	EndGlobalSection
	GlobalSection(ExtensibilityGlobals) = postSolution
		SolutionGuid = {05A25859-C8EF-4F06-9043-25AA6E1C254E}
	EndGlobalSection
EndGlobal
