
Microsoft Visual Studio Solution File, Format Version 12.00
# Visual Studio Version 17
VisualStudioVersion = 17.5.33414.496
MinimumVisualStudioVersion = 10.0.40219.1
Project("{FAE04EC0-301F-11D3-BF4B-00C04F79EFBC}") = "Exercicio19", "Exercicio19\Exercicio19.csproj", "{C73198F7-2D96-4FF7-81B3-729526E30ACA}"
EndProject
Global
	GlobalSection(SolutionConfigurationPlatforms) = preSolution
		Debug|Any CPU = Debug|Any CPU
		Release|Any CPU = Release|Any CPU
	EndGlobalSection
	GlobalSection(ProjectConfigurationPlatforms) = postSolution
		{C73198F7-2D96-4FF7-81B3-729526E30ACA}.Debug|Any CPU.ActiveCfg = Debug|Any CPU
		{C73198F7-2D96-4FF7-81B3-729526E30ACA}.Debug|Any CPU.Build.0 = Debug|Any CPU
		{C73198F7-2D96-4FF7-81B3-729526E30ACA}.Release|Any CPU.ActiveCfg = Release|Any CPU
		{C73198F7-2D96-4FF7-81B3-729526E30ACA}.Release|Any CPU.Build.0 = Release|Any CPU
	EndGlobalSection
	GlobalSection(SolutionProperties) = preSolution
		HideSolutionNode = FALSE
	EndGlobalSection
	GlobalSection(ExtensibilityGlobals) = postSolution
		SolutionGuid = {1FC27FFC-D6F9-4691-96E3-E618037FF496}
	EndGlobalSection
EndGlobal
