
Microsoft Visual Studio Solution File, Format Version 12.00
# Visual Studio Version 17
VisualStudioVersion = 17.5.33414.496
MinimumVisualStudioVersion = 10.0.40219.1
Project("{FAE04EC0-301F-11D3-BF4B-00C04F79EFBC}") = "Exercicio53", "Exercicio53\Exercicio53.csproj", "{6C70B2BF-DE94-44BB-83B9-AB1B8D7BC4A3}"
EndProject
Global
	GlobalSection(SolutionConfigurationPlatforms) = preSolution
		Debug|Any CPU = Debug|Any CPU
		Release|Any CPU = Release|Any CPU
	EndGlobalSection
	GlobalSection(ProjectConfigurationPlatforms) = postSolution
		{6C70B2BF-DE94-44BB-83B9-AB1B8D7BC4A3}.Debug|Any CPU.ActiveCfg = Debug|Any CPU
		{6C70B2BF-DE94-44BB-83B9-AB1B8D7BC4A3}.Debug|Any CPU.Build.0 = Debug|Any CPU
		{6C70B2BF-DE94-44BB-83B9-AB1B8D7BC4A3}.Release|Any CPU.ActiveCfg = Release|Any CPU
		{6C70B2BF-DE94-44BB-83B9-AB1B8D7BC4A3}.Release|Any CPU.Build.0 = Release|Any CPU
	EndGlobalSection
	GlobalSection(SolutionProperties) = preSolution
		HideSolutionNode = FALSE
	EndGlobalSection
	GlobalSection(ExtensibilityGlobals) = postSolution
		SolutionGuid = {F8F41955-94B1-4668-98B3-94501A40BBC8}
	EndGlobalSection
EndGlobal
