
Microsoft Visual Studio Solution File, Format Version 12.00
# Visual Studio Version 17
VisualStudioVersion = 17.5.33414.496
MinimumVisualStudioVersion = 10.0.40219.1
Project("{FAE04EC0-301F-11D3-BF4B-00C04F79EFBC}") = "Exercicio60", "Exercicio60\Exercicio60.csproj", "{96056F9A-6871-4AE3-9D16-8E890593B4BF}"
EndProject
Global
	GlobalSection(SolutionConfigurationPlatforms) = preSolution
		Debug|Any CPU = Debug|Any CPU
		Release|Any CPU = Release|Any CPU
	EndGlobalSection
	GlobalSection(ProjectConfigurationPlatforms) = postSolution
		{96056F9A-6871-4AE3-9D16-8E890593B4BF}.Debug|Any CPU.ActiveCfg = Debug|Any CPU
		{96056F9A-6871-4AE3-9D16-8E890593B4BF}.Debug|Any CPU.Build.0 = Debug|Any CPU
		{96056F9A-6871-4AE3-9D16-8E890593B4BF}.Release|Any CPU.ActiveCfg = Release|Any CPU
		{96056F9A-6871-4AE3-9D16-8E890593B4BF}.Release|Any CPU.Build.0 = Release|Any CPU
	EndGlobalSection
	GlobalSection(SolutionProperties) = preSolution
		HideSolutionNode = FALSE
	EndGlobalSection
	GlobalSection(ExtensibilityGlobals) = postSolution
		SolutionGuid = {AA3403A8-3743-4B03-8F1E-2C2C8B1DC90F}
	EndGlobalSection
EndGlobal
