
Microsoft Visual Studio Solution File, Format Version 12.00
# Visual Studio Version 17
VisualStudioVersion = 17.5.33414.496
MinimumVisualStudioVersion = 10.0.40219.1
Project("{FAE04EC0-301F-11D3-BF4B-00C04F79EFBC}") = "Exercicio64", "Exercicio64\Exercicio64.csproj", "{A26C77FB-4669-40AF-B8BA-AACA6552CA5D}"
EndProject
Global
	GlobalSection(SolutionConfigurationPlatforms) = preSolution
		Debug|Any CPU = Debug|Any CPU
		Release|Any CPU = Release|Any CPU
	EndGlobalSection
	GlobalSection(ProjectConfigurationPlatforms) = postSolution
		{A26C77FB-4669-40AF-B8BA-AACA6552CA5D}.Debug|Any CPU.ActiveCfg = Debug|Any CPU
		{A26C77FB-4669-40AF-B8BA-AACA6552CA5D}.Debug|Any CPU.Build.0 = Debug|Any CPU
		{A26C77FB-4669-40AF-B8BA-AACA6552CA5D}.Release|Any CPU.ActiveCfg = Release|Any CPU
		{A26C77FB-4669-40AF-B8BA-AACA6552CA5D}.Release|Any CPU.Build.0 = Release|Any CPU
	EndGlobalSection
	GlobalSection(SolutionProperties) = preSolution
		HideSolutionNode = FALSE
	EndGlobalSection
	GlobalSection(ExtensibilityGlobals) = postSolution
		SolutionGuid = {C73FB666-6461-41C4-ACDC-14AF8C3F7C79}
	EndGlobalSection
EndGlobal
