
Microsoft Visual Studio Solution File, Format Version 12.00
# Visual Studio Version 17
VisualStudioVersion = 17.5.33414.496
MinimumVisualStudioVersion = 10.0.40219.1
Project("{FAE04EC0-301F-11D3-BF4B-00C04F79EFBC}") = "Exercicio31", "Exercicio31\Exercicio31.csproj", "{837ADBC0-064E-4022-A0D4-F6CCD5618C25}"
EndProject
Global
	GlobalSection(SolutionConfigurationPlatforms) = preSolution
		Debug|Any CPU = Debug|Any CPU
		Release|Any CPU = Release|Any CPU
	EndGlobalSection
	GlobalSection(ProjectConfigurationPlatforms) = postSolution
		{837ADBC0-064E-4022-A0D4-F6CCD5618C25}.Debug|Any CPU.ActiveCfg = Debug|Any CPU
		{837ADBC0-064E-4022-A0D4-F6CCD5618C25}.Debug|Any CPU.Build.0 = Debug|Any CPU
		{837ADBC0-064E-4022-A0D4-F6CCD5618C25}.Release|Any CPU.ActiveCfg = Release|Any CPU
		{837ADBC0-064E-4022-A0D4-F6CCD5618C25}.Release|Any CPU.Build.0 = Release|Any CPU
	EndGlobalSection
	GlobalSection(SolutionProperties) = preSolution
		HideSolutionNode = FALSE
	EndGlobalSection
	GlobalSection(ExtensibilityGlobals) = postSolution
		SolutionGuid = {DC44ED15-F267-45DB-987A-46747FC28721}
	EndGlobalSection
EndGlobal
